
Microsoft Visual Studio Solution File, Format Version 12.00
# Visual Studio 15
VisualStudioVersion = 15.0.28307.852
MinimumVisualStudioVersion = 10.0.40219.1
Project("{FAE04EC0-301F-11D3-BF4B-00C04F79EFBC}") = "ProjetoZero", "ProjetoZero\ProjetoZero.csproj", "{BD3D5CB0-EFF0-4D3E-9356-6F2401F0B262}"
EndProject
Global
	GlobalSection(SolutionConfigurationPlatforms) = preSolution
		Debug|Any CPU = Debug|Any CPU
		Release|Any CPU = Release|Any CPU
	EndGlobalSection
	GlobalSection(ProjectConfigurationPlatforms) = postSolution
		{BD3D5CB0-EFF0-4D3E-9356-6F2401F0B262}.Debug|Any CPU.ActiveCfg = Debug|Any CPU
		{BD3D5CB0-EFF0-4D3E-9356-6F2401F0B262}.Debug|Any CPU.Build.0 = Debug|Any CPU
		{BD3D5CB0-EFF0-4D3E-9356-6F2401F0B262}.Release|Any CPU.ActiveCfg = Release|Any CPU
		{BD3D5CB0-EFF0-4D3E-9356-6F2401F0B262}.Release|Any CPU.Build.0 = Release|Any CPU
	EndGlobalSection
	GlobalSection(SolutionProperties) = preSolution
		HideSolutionNode = FALSE
	EndGlobalSection
	GlobalSection(ExtensibilityGlobals) = postSolution
		SolutionGuid = {4D0D091A-0796-4590-9A70-FB9C1AB3FCC6}
	EndGlobalSection
EndGlobal
